
Microsoft Visual Studio Solution File, Format Version 12.00
# Visual Studio Version 17
VisualStudioVersion = 17.3.32929.385
MinimumVisualStudioVersion = 10.0.40219.1
Project("{FAE04EC0-301F-11D3-BF4B-00C04F79EFBC}") = "CopyGroupPlugin2", "CopyGroupPlugin2\CopyGroupPlugin2.csproj", "{70653D81-1D1F-488E-844B-17FB5C8BB167}"
EndProject
Global
	GlobalSection(SolutionConfigurationPlatforms) = preSolution
		Debug|Any CPU = Debug|Any CPU
		Release|Any CPU = Release|Any CPU
	EndGlobalSection
	GlobalSection(ProjectConfigurationPlatforms) = postSolution
		{70653D81-1D1F-488E-844B-17FB5C8BB167}.Debug|Any CPU.ActiveCfg = Debug|Any CPU
		{70653D81-1D1F-488E-844B-17FB5C8BB167}.Debug|Any CPU.Build.0 = Debug|Any CPU
		{70653D81-1D1F-488E-844B-17FB5C8BB167}.Release|Any CPU.ActiveCfg = Release|Any CPU
		{70653D81-1D1F-488E-844B-17FB5C8BB167}.Release|Any CPU.Build.0 = Release|Any CPU
	EndGlobalSection
	GlobalSection(SolutionProperties) = preSolution
		HideSolutionNode = FALSE
	EndGlobalSection
	GlobalSection(ExtensibilityGlobals) = postSolution
		SolutionGuid = {2F8A9AAE-7EE8-4EF4-95C5-A91EDFE0A19B}
	EndGlobalSection
EndGlobal
